// !$*UTF8*$!
{
	archiveVersion = 1;
	classes = {
	};
	objectVersion = 55;
	objects = {

/* Begin PBXBuildFile section */
		48B7419228CC70B7004828C8 /* AppDelegate.swift in Sources */ = {isa = PBXBuildFile; fileRef = 48B7419128CC70B7004828C8 /* AppDelegate.swift */; };
		48B7419428CC70B7004828C8 /* SceneDelegate.swift in Sources */ = {isa = PBXBuildFile; fileRef = 48B7419328CC70B7004828C8 /* SceneDelegate.swift */; };
		48B7419928CC70B7004828C8 /* Main.storyboard in Resources */ = {isa = PBXBuildFile; fileRef = 48B7419728CC70B7004828C8 /* Main.storyboard */; };
		48B7419B28CC70BA004828C8 /* Assets.xcassets in Resources */ = {isa = PBXBuildFile; fileRef = 48B7419A28CC70BA004828C8 /* Assets.xcassets */; };
		48B7419E28CC70BA004828C8 /* LaunchScreen.storyboard in Resources */ = {isa = PBXBuildFile; fileRef = 48B7419C28CC70BA004828C8 /* LaunchScreen.storyboard */; };
		48B741A728CC71D9004828C8 /* OrdersTableVC.swift in Sources */ = {isa = PBXBuildFile; fileRef = 48B741A628CC71D9004828C8 /* OrdersTableVC.swift */; };
		48B741A928CC71FF004828C8 /* AddOrderVC.swift in Sources */ = {isa = PBXBuildFile; fileRef = 48B741A828CC71FF004828C8 /* AddOrderVC.swift */; };
		48B741AC28CC7CED004828C8 /* WebService.swift in Sources */ = {isa = PBXBuildFile; fileRef = 48B741AB28CC7CED004828C8 /* WebService.swift */; };
		48B741AF28CC8032004828C8 /* Order.swift in Sources */ = {isa = PBXBuildFile; fileRef = 48B741AE28CC8032004828C8 /* Order.swift */; };
		48B741B228CC8400004828C8 /* OrderViewModel.swift in Sources */ = {isa = PBXBuildFile; fileRef = 48B741B128CC8400004828C8 /* OrderViewModel.swift */; };
		48B741B428CC8A21004828C8 /* AddOrderViewModel.swift in Sources */ = {isa = PBXBuildFile; fileRef = 48B741B328CC8A21004828C8 /* AddOrderViewModel.swift */; };
/* End PBXBuildFile section */

/* Begin PBXFileReference section */
		48B7418E28CC70B7004828C8 /* Kahawa Tungu.app */ = {isa = PBXFileReference; explicitFileType = wrapper.application; includeInIndex = 0; path = "Kahawa Tungu.app"; sourceTree = BUILT_PRODUCTS_DIR; };
		48B7419128CC70B7004828C8 /* AppDelegate.swift */ = {isa = PBXFileReference; lastKnownFileType = sourcecode.swift; path = AppDelegate.swift; sourceTree = "<group>"; };
		48B7419328CC70B7004828C8 /* SceneDelegate.swift */ = {isa = PBXFileReference; lastKnownFileType = sourcecode.swift; path = SceneDelegate.swift; sourceTree = "<group>"; };
		48B7419828CC70B7004828C8 /* Base */ = {isa = PBXFileReference; lastKnownFileType = file.storyboard; name = Base; path = Base.lproj/Main.storyboard; sourceTree = "<group>"; };
		48B7419A28CC70BA004828C8 /* Assets.xcassets */ = {isa = PBXFileReference; lastKnownFileType = folder.assetcatalog; path = Assets.xcassets; sourceTree = "<group>"; };
		48B7419D28CC70BA004828C8 /* Base */ = {isa = PBXFileReference; lastKnownFileType = file.storyboard; name = Base; path = Base.lproj/LaunchScreen.storyboard; sourceTree = "<group>"; };
		48B7419F28CC70BA004828C8 /* Info.plist */ = {isa = PBXFileReference; lastKnownFileType = text.plist.xml; path = Info.plist; sourceTree = "<group>"; };
		48B741A628CC71D9004828C8 /* OrdersTableVC.swift */ = {isa = PBXFileReference; lastKnownFileType = sourcecode.swift; path = OrdersTableVC.swift; sourceTree = "<group>"; };
		48B741A828CC71FF004828C8 /* AddOrderVC.swift */ = {isa = PBXFileReference; lastKnownFileType = sourcecode.swift; path = AddOrderVC.swift; sourceTree = "<group>"; };
		48B741AB28CC7CED004828C8 /* WebService.swift */ = {isa = PBXFileReference; lastKnownFileType = sourcecode.swift; path = WebService.swift; sourceTree = "<group>"; };
		48B741AE28CC8032004828C8 /* Order.swift */ = {isa = PBXFileReference; lastKnownFileType = sourcecode.swift; path = Order.swift; sourceTree = "<group>"; };
		48B741B128CC8400004828C8 /* OrderViewModel.swift */ = {isa = PBXFileReference; lastKnownFileType = sourcecode.swift; path = OrderViewModel.swift; sourceTree = "<group>"; };
		48B741B328CC8A21004828C8 /* AddOrderViewModel.swift */ = {isa = PBXFileReference; lastKnownFileType = sourcecode.swift; path = AddOrderViewModel.swift; sourceTree = "<group>"; };
/* End PBXFileReference section */

/* Begin PBXFrameworksBuildPhase section */
		48B7418B28CC70B7004828C8 /* Frameworks */ = {
			isa = PBXFrameworksBuildPhase;
			buildActionMask = 2147483647;
			files = (
			);
			runOnlyForDeploymentPostprocessing = 0;
		};
/* End PBXFrameworksBuildPhase section */

/* Begin PBXGroup section */
		48B7418528CC70B6004828C8 = {
			isa = PBXGroup;
			children = (
				48B7419028CC70B7004828C8 /* Kahawa Tungu */,
				48B7418F28CC70B7004828C8 /* Products */,
			);
			sourceTree = "<group>";
		};
		48B7418F28CC70B7004828C8 /* Products */ = {
			isa = PBXGroup;
			children = (
				48B7418E28CC70B7004828C8 /* Kahawa Tungu.app */,
			);
			name = Products;
			sourceTree = "<group>";
		};
		48B7419028CC70B7004828C8 /* Kahawa Tungu */ = {
			isa = PBXGroup;
			children = (
				48B741B028CC83EF004828C8 /* ViewModels */,
				48B741AD28CC8022004828C8 /* Models */,
				48B741AA28CC7CD3004828C8 /* Service */,
				48B741A528CC70EC004828C8 /* Controllers */,
				48B7419128CC70B7004828C8 /* AppDelegate.swift */,
				48B7419328CC70B7004828C8 /* SceneDelegate.swift */,
				48B7419728CC70B7004828C8 /* Main.storyboard */,
				48B7419A28CC70BA004828C8 /* Assets.xcassets */,
				48B7419C28CC70BA004828C8 /* LaunchScreen.storyboard */,
				48B7419F28CC70BA004828C8 /* Info.plist */,
			);
			path = "Kahawa Tungu";
			sourceTree = "<group>";
		};
		48B741A528CC70EC004828C8 /* Controllers */ = {
			isa = PBXGroup;
			children = (
				48B741A628CC71D9004828C8 /* OrdersTableVC.swift */,
				48B741A828CC71FF004828C8 /* AddOrderVC.swift */,
			);
			path = Controllers;
			sourceTree = "<group>";
		};
		48B741AA28CC7CD3004828C8 /* Service */ = {
			isa = PBXGroup;
			children = (
				48B741AB28CC7CED004828C8 /* WebService.swift */,
			);
			path = Service;
			sourceTree = "<group>";
		};
		48B741AD28CC8022004828C8 /* Models */ = {
			isa = PBXGroup;
			children = (
				48B741AE28CC8032004828C8 /* Order.swift */,
			);
			path = Models;
			sourceTree = "<group>";
		};
		48B741B028CC83EF004828C8 /* ViewModels */ = {
			isa = PBXGroup;
			children = (
				48B741B128CC8400004828C8 /* OrderViewModel.swift */,
				48B741B328CC8A21004828C8 /* AddOrderViewModel.swift */,
			);
			path = ViewModels;
			sourceTree = "<group>";
		};
/* End PBXGroup section */

/* Begin PBXNativeTarget section */
		48B7418D28CC70B7004828C8 /* Kahawa Tungu */ = {
			isa = PBXNativeTarget;
			buildConfigurationList = 48B741A228CC70BA004828C8 /* Build configuration list for PBXNativeTarget "Kahawa Tungu" */;
			buildPhases = (
				48B7418A28CC70B7004828C8 /* Sources */,
				48B7418B28CC70B7004828C8 /* Frameworks */,
				48B7418C28CC70B7004828C8 /* Resources */,
			);
			buildRules = (
			);
			dependencies = (
			);
			name = "Kahawa Tungu";
			productName = "Kahawa Tungu";
			productReference = 48B7418E28CC70B7004828C8 /* Kahawa Tungu.app */;
			productType = "com.apple.product-type.application";
		};
/* End PBXNativeTarget section */

/* Begin PBXProject section */
		48B7418628CC70B6004828C8 /* Project object */ = {
			isa = PBXProject;
			attributes = {
				BuildIndependentTargetsInParallel = 1;
				LastSwiftUpdateCheck = 1340;
				LastUpgradeCheck = 1340;
				TargetAttributes = {
					48B7418D28CC70B7004828C8 = {
						CreatedOnToolsVersion = 13.4.1;
					};
				};
			};
			buildConfigurationList = 48B7418928CC70B6004828C8 /* Build configuration list for PBXProject "Kahawa Tungu" */;
			compatibilityVersion = "Xcode 13.0";
			developmentRegion = en;
			hasScannedForEncodings = 0;
			knownRegions = (
				en,
				Base,
			);
			mainGroup = 48B7418528CC70B6004828C8;
			productRefGroup = 48B7418F28CC70B7004828C8 /* Products */;
			projectDirPath = "";
			projectRoot = "";
			targets = (
				48B7418D28CC70B7004828C8 /* Kahawa Tungu */,
			);
		};
/* End PBXProject section */

/* Begin PBXResourcesBuildPhase section */
		48B7418C28CC70B7004828C8 /* Resources */ = {
			isa = PBXResourcesBuildPhase;
			buildActionMask = 2147483647;
			files = (
				48B7419E28CC70BA004828C8 /* LaunchScreen.storyboard in Resources */,
				48B7419B28CC70BA004828C8 /* Assets.xcassets in Resources */,
				48B7419928CC70B7004828C8 /* Main.storyboard in Resources */,
			);
			runOnlyForDeploymentPostprocessing = 0;
		};
/* End PBXResourcesBuildPhase section */

/* Begin PBXSourcesBuildPhase section */
		48B7418A28CC70B7004828C8 /* Sources */ = {
			isa = PBXSourcesBuildPhase;
			buildActionMask = 2147483647;
			files = (
				48B741AF28CC8032004828C8 /* Order.swift in Sources */,
				48B741A728CC71D9004828C8 /* OrdersTableVC.swift in Sources */,
				48B741A928CC71FF004828C8 /* AddOrderVC.swift in Sources */,
				48B741B428CC8A21004828C8 /* AddOrderViewModel.swift in Sources */,
				48B7419228CC70B7004828C8 /* AppDelegate.swift in Sources */,
				48B741AC28CC7CED004828C8 /* WebService.swift in Sources */,
				48B741B228CC8400004828C8 /* OrderViewModel.swift in Sources */,
				48B7419428CC70B7004828C8 /* SceneDelegate.swift in Sources */,
			);
			runOnlyForDeploymentPostprocessing = 0;
		};
/* End PBXSourcesBuildPhase section */

/* Begin PBXVariantGroup section */
		48B7419728CC70B7004828C8 /* Main.storyboard */ = {
			isa = PBXVariantGroup;
			children = (
				48B7419828CC70B7004828C8 /* Base */,
			);
			name = Main.storyboard;
			sourceTree = "<group>";
		};
		48B7419C28CC70BA004828C8 /* LaunchScreen.storyboard */ = {
			isa = PBXVariantGroup;
			children = (
				48B7419D28CC70BA004828C8 /* Base */,
			);
			name = LaunchScreen.storyboard;
			sourceTree = "<group>";
		};
/* End PBXVariantGroup section */

/* Begin XCBuildConfiguration section */
		48B741A028CC70BA004828C8 /* Debug */ = {
			isa = XCBuildConfiguration;
			buildSettings = {
				ALWAYS_SEARCH_USER_PATHS = NO;
				CLANG_ANALYZER_NONNULL = YES;
				CLANG_ANALYZER_NUMBER_OBJECT_CONVERSION = YES_AGGRESSIVE;
				CLANG_CXX_LANGUAGE_STANDARD = "gnu++17";
				CLANG_ENABLE_MODULES = YES;
				CLANG_ENABLE_OBJC_ARC = YES;
				CLANG_ENABLE_OBJC_WEAK = YES;
				CLANG_WARN_BLOCK_CAPTURE_AUTORELEASING = YES;
				CLANG_WARN_BOOL_CONVERSION = YES;
				CLANG_WARN_COMMA = YES;
				CLANG_WARN_CONSTANT_CONVERSION = YES;
				CLANG_WARN_DEPRECATED_OBJC_IMPLEMENTATIONS = YES;
				CLANG_WARN_DIRECT_OBJC_ISA_USAGE = YES_ERROR;
				CLANG_WARN_DOCUMENTATION_COMMENTS = YES;
				CLANG_WARN_EMPTY_BODY = YES;
				CLANG_WARN_ENUM_CONVERSION = YES;
				CLANG_WARN_INFINITE_RECURSION = YES;
				CLANG_WARN_INT_CONVERSION = YES;
				CLANG_WARN_NON_LITERAL_NULL_CONVERSION = YES;
				CLANG_WARN_OBJC_IMPLICIT_RETAIN_SELF = YES;
				CLANG_WARN_OBJC_LITERAL_CONVERSION = YES;
				CLANG_WARN_OBJC_ROOT_CLASS = YES_ERROR;
				CLANG_WARN_QUOTED_INCLUDE_IN_FRAMEWORK_HEADER = YES;
				CLANG_WARN_RANGE_LOOP_ANALYSIS = YES;
				CLANG_WARN_STRICT_PROTOTYPES = YES;
				CLANG_WARN_SUSPICIOUS_MOVE = YES;
				CLANG_WARN_UNGUARDED_AVAILABILITY = YES_AGGRESSIVE;
				CLANG_WARN_UNREACHABLE_CODE = YES;
				CLANG_WARN__DUPLICATE_METHOD_MATCH = YES;
				COPY_PHASE_STRIP = NO;
				DEBUG_INFORMATION_FORMAT = dwarf;
				ENABLE_STRICT_OBJC_MSGSEND = YES;
				ENABLE_TESTABILITY = YES;
				GCC_C_LANGUAGE_STANDARD = gnu11;
				GCC_DYNAMIC_NO_PIC = NO;
				GCC_NO_COMMON_BLOCKS = YES;
				GCC_OPTIMIZATION_LEVEL = 0;
				GCC_PREPROCESSOR_DEFINITIONS = (
					"DEBUG=1",
					"$(inherited)",
				);
				GCC_WARN_64_TO_32_BIT_CONVERSION = YES;
				GCC_WARN_ABOUT_RETURN_TYPE = YES_ERROR;
				GCC_WARN_UNDECLARED_SELECTOR = YES;
				GCC_WARN_UNINITIALIZED_AUTOS = YES_AGGRESSIVE;
				GCC_WARN_UNUSED_FUNCTION = YES;
				GCC_WARN_UNUSED_VARIABLE = YES;
				IPHONEOS_DEPLOYMENT_TARGET = 15.5;
				MTL_ENABLE_DEBUG_INFO = INCLUDE_SOURCE;
				MTL_FAST_MATH = YES;
				ONLY_ACTIVE_ARCH = YES;
				SDKROOT = iphoneos;
				SWIFT_ACTIVE_COMPILATION_CONDITIONS = DEBUG;
				SWIFT_OPTIMIZATION_LEVEL = "-Onone";
			};
			name = Debug;
		};
		48B741A128CC70BA004828C8 /* Release */ = {
			isa = XCBuildConfiguration;
			buildSettings = {
				ALWAYS_SEARCH_USER_PATHS = NO;
				CLANG_ANALYZER_NONNULL = YES;
				CLANG_ANALYZER_NUMBER_OBJECT_CONVERSION = YES_AGGRESSIVE;
				CLANG_CXX_LANGUAGE_STANDARD = "gnu++17";
				CLANG_ENABLE_MODULES = YES;
				CLANG_ENABLE_OBJC_ARC = YES;
				CLANG_ENABLE_OBJC_WEAK = YES;
				CLANG_WARN_BLOCK_CAPTURE_AUTORELEASING = YES;
				CLANG_WARN_BOOL_CONVERSION = YES;
				CLANG_WARN_COMMA = YES;
				CLANG_WARN_CONSTANT_CONVERSION = YES;
				CLANG_WARN_DEPRECATED_OBJC_IMPLEMENTATIONS = YES;
				CLANG_WARN_DIRECT_OBJC_ISA_USAGE = YES_ERROR;
				CLANG_WARN_DOCUMENTATION_COMMENTS = YES;
				CLANG_WARN_EMPTY_BODY = YES;
				CLANG_WARN_ENUM_CONVERSION = YES;
				CLANG_WARN_INFINITE_RECURSION = YES;
				CLANG_WARN_INT_CONVERSION = YES;
				CLANG_WARN_NON_LITERAL_NULL_CONVERSION = YES;
				CLANG_WARN_OBJC_IMPLICIT_RETAIN_SELF = YES;
				CLANG_WARN_OBJC_LITERAL_CONVERSION = YES;
				CLANG_WARN_OBJC_ROOT_CLASS = YES_ERROR;
				CLANG_WARN_QUOTED_INCLUDE_IN_FRAMEWORK_HEADER = YES;
				CLANG_WARN_RANGE_LOOP_ANALYSIS = YES;
				CLANG_WARN_STRICT_PROTOTYPES = YES;
				CLANG_WARN_SUSPICIOUS_MOVE = YES;
				CLANG_WARN_UNGUARDED_AVAILABILITY = YES_AGGRESSIVE;
				CLANG_WARN_UNREACHABLE_CODE = YES;
				CLANG_WARN__DUPLICATE_METHOD_MATCH = YES;
				COPY_PHASE_STRIP = NO;
				DEBUG_INFORMATION_FORMAT = "dwarf-with-dsym";
				ENABLE_NS_ASSERTIONS = NO;
				ENABLE_STRICT_OBJC_MSGSEND = YES;
				GCC_C_LANGUAGE_STANDARD = gnu11;
				GCC_NO_COMMON_BLOCKS = YES;
				GCC_WARN_64_TO_32_BIT_CONVERSION = YES;
				GCC_WARN_ABOUT_RETURN_TYPE = YES_ERROR;
				GCC_WARN_UNDECLARED_SELECTOR = YES;
				GCC_WARN_UNINITIALIZED_AUTOS = YES_AGGRESSIVE;
				GCC_WARN_UNUSED_FUNCTION = YES;
				GCC_WARN_UNUSED_VARIABLE = YES;
				IPHONEOS_DEPLOYMENT_TARGET = 15.5;
				MTL_ENABLE_DEBUG_INFO = NO;
				MTL_FAST_MATH = YES;
				SDKROOT = iphoneos;
				SWIFT_COMPILATION_MODE = wholemodule;
				SWIFT_OPTIMIZATION_LEVEL = "-O";
				VALIDATE_PRODUCT = YES;
			};
			name = Release;
		};
		48B741A328CC70BA004828C8 /* Debug */ = {
			isa = XCBuildConfiguration;
			buildSettings = {
				ASSETCATALOG_COMPILER_APPICON_NAME = AppIcon;
				ASSETCATALOG_COMPILER_GLOBAL_ACCENT_COLOR_NAME = AccentColor;
				CODE_SIGN_STYLE = Automatic;
				CURRENT_PROJECT_VERSION = 1;
				DEVELOPMENT_TEAM = 683AUWT46Z;
				GENERATE_INFOPLIST_FILE = YES;
				INFOPLIST_FILE = "Kahawa Tungu/Info.plist";
				INFOPLIST_KEY_UIApplicationSupportsIndirectInputEvents = YES;
				INFOPLIST_KEY_UILaunchStoryboardName = LaunchScreen;
				INFOPLIST_KEY_UIMainStoryboardFile = Main;
				INFOPLIST_KEY_UISupportedInterfaceOrientations_iPad = "UIInterfaceOrientationPortrait UIInterfaceOrientationPortraitUpsideDown UIInterfaceOrientationLandscapeLeft UIInterfaceOrientationLandscapeRight";
				INFOPLIST_KEY_UISupportedInterfaceOrientations_iPhone = "UIInterfaceOrientationPortrait UIInterfaceOrientationLandscapeLeft UIInterfaceOrientationLandscapeRight";
				LD_RUNPATH_SEARCH_PATHS = (
					"$(inherited)",
					"@executable_path/Frameworks",
				);
				MARKETING_VERSION = 1.0;
				PRODUCT_BUNDLE_IDENTIFIER = "com.lenibonje.Kahawa-Tungu";
				PRODUCT_NAME = "$(TARGET_NAME)";
				SWIFT_EMIT_LOC_STRINGS = YES;
				SWIFT_VERSION = 5.0;
				TARGETED_DEVICE_FAMILY = "1,2";
			};
			name = Debug;
		};
		48B741A428CC70BA004828C8 /* Release */ = {
			isa = XCBuildConfiguration;
			buildSettings = {
				ASSETCATALOG_COMPILER_APPICON_NAME = AppIcon;
				ASSETCATALOG_COMPILER_GLOBAL_ACCENT_COLOR_NAME = AccentColor;
				CODE_SIGN_STYLE = Automatic;
				CURRENT_PROJECT_VERSION = 1;
				DEVELOPMENT_TEAM = 683AUWT46Z;
				GENERATE_INFOPLIST_FILE = YES;
				INFOPLIST_FILE = "Kahawa Tungu/Info.plist";
				INFOPLIST_KEY_UIApplicationSupportsIndirectInputEvents = YES;
				INFOPLIST_KEY_UILaunchStoryboardName = LaunchScreen;
				INFOPLIST_KEY_UIMainStoryboardFile = Main;
				INFOPLIST_KEY_UISupportedInterfaceOrientations_iPad = "UIInterfaceOrientationPortrait UIInterfaceOrientationPortraitUpsideDown UIInterfaceOrientationLandscapeLeft UIInterfaceOrientationLandscapeRight";
				INFOPLIST_KEY_UISupportedInterfaceOrientations_iPhone = "UIInterfaceOrientationPortrait UIInterfaceOrientationLandscapeLeft UIInterfaceOrientationLandscapeRight";
				LD_RUNPATH_SEARCH_PATHS = (
					"$(inherited)",
					"@executable_path/Frameworks",
				);
				MARKETING_VERSION = 1.0;
				PRODUCT_BUNDLE_IDENTIFIER = "com.lenibonje.Kahawa-Tungu";
				PRODUCT_NAME = "$(TARGET_NAME)";
				SWIFT_EMIT_LOC_STRINGS = YES;
				SWIFT_VERSION = 5.0;
				TARGETED_DEVICE_FAMILY = "1,2";
			};
			name = Release;
		};
/* End XCBuildConfiguration section */

/* Begin XCConfigurationList section */
		48B7418928CC70B6004828C8 /* Build configuration list for PBXProject "Kahawa Tungu" */ = {
			isa = XCConfigurationList;
			buildConfigurations = (
				48B741A028CC70BA004828C8 /* Debug */,
				48B741A128CC70BA004828C8 /* Release */,
			);
			defaultConfigurationIsVisible = 0;
			defaultConfigurationName = Release;
		};
		48B741A228CC70BA004828C8 /* Build configuration list for PBXNativeTarget "Kahawa Tungu" */ = {
			isa = XCConfigurationList;
			buildConfigurations = (
				48B741A328CC70BA004828C8 /* Debug */,
				48B741A428CC70BA004828C8 /* Release */,
			);
			defaultConfigurationIsVisible = 0;
			defaultConfigurationName = Release;
		};
/* End XCConfigurationList section */
	};
	rootObject = 48B7418628CC70B6004828C8 /* Project object */;
}
